{
  "object": {
    "pins": [
      {
        "package": "ECNetworking",
        "repositoryURL": "https://github.com/EvanCooper9/ECNetworking",
        "state": {
          "branch": null,
          "revision": "2752cc65c34a996b2f20753ff0bd5e4f7a3a7a11",
          "version": "2.0.1"
        }
      },
      {
        "package": "RxSwift",
        "repositoryURL": "https://github.com/ReactiveX/RxSwift.git",
        "state": {
          "branch": null,
          "revision": "7c17a6ccca06b5c107cfa4284e634562ddaf5951",
          "version": "6.2.0"
        }
      }
    ]
  },
  "version": 1
}
