{
  "object": {
    "pins": [
      {
        "package": "ECNetworking",
        "repositoryURL": "https://github.com/EvanCooper9/ECNetworking",
        "state": {
          "branch": null,
          "revision": "7029b7b033e42a56f433a9a9a5fe212e572b81c3",
          "version": "1.1.0"
        }
      },
      {
        "package": "RxSwift",
        "repositoryURL": "https://github.com/ReactiveX/RxSwift.git",
        "state": {
          "branch": null,
          "revision": "7e01c05f25c025143073eaa3be3532f9375c614b",
          "version": "6.1.0"
        }
      }
    ]
  },
  "version": 1
}
